
Microsoft Visual Studio Solution File, Format Version 12.00
# Visual Studio Version 16
VisualStudioVersion = 16.0.30621.155
MinimumVisualStudioVersion = 10.0.40219.1
Project("{FAE04EC0-301F-11D3-BF4B-00C04F79EFBC}") = "Instrukcje 4", "Instrukcje 4.csproj", "{189105B5-4B96-4F64-95EE-47890CE50C7C}"
EndProject
Global
	GlobalSection(SolutionConfigurationPlatforms) = preSolution
		Debug|Any CPU = Debug|Any CPU
		Release|Any CPU = Release|Any CPU
	EndGlobalSection
	GlobalSection(ProjectConfigurationPlatforms) = postSolution
		{189105B5-4B96-4F64-95EE-47890CE50C7C}.Debug|Any CPU.ActiveCfg = Debug|Any CPU
		{189105B5-4B96-4F64-95EE-47890CE50C7C}.Debug|Any CPU.Build.0 = Debug|Any CPU
		{189105B5-4B96-4F64-95EE-47890CE50C7C}.Release|Any CPU.ActiveCfg = Release|Any CPU
		{189105B5-4B96-4F64-95EE-47890CE50C7C}.Release|Any CPU.Build.0 = Release|Any CPU
	EndGlobalSection
	GlobalSection(SolutionProperties) = preSolution
		HideSolutionNode = FALSE
	EndGlobalSection
	GlobalSection(ExtensibilityGlobals) = postSolution
		SolutionGuid = {07FCDB07-7B56-4880-97DC-55BECF35639E}
	EndGlobalSection
EndGlobal
