
Microsoft Visual Studio Solution File, Format Version 12.00
# Visual Studio Version 16
VisualStudioVersion = 16.0.30621.155
MinimumVisualStudioVersion = 10.0.40219.1
Project("{FAE04EC0-301F-11D3-BF4B-00C04F79EFBC}") = "Zadania 5", "Zadania 5.csproj", "{6700C304-342D-4508-A805-0ECED9F8A053}"
EndProject
Global
	GlobalSection(SolutionConfigurationPlatforms) = preSolution
		Debug|Any CPU = Debug|Any CPU
		Release|Any CPU = Release|Any CPU
	EndGlobalSection
	GlobalSection(ProjectConfigurationPlatforms) = postSolution
		{6700C304-342D-4508-A805-0ECED9F8A053}.Debug|Any CPU.ActiveCfg = Debug|Any CPU
		{6700C304-342D-4508-A805-0ECED9F8A053}.Debug|Any CPU.Build.0 = Debug|Any CPU
		{6700C304-342D-4508-A805-0ECED9F8A053}.Release|Any CPU.ActiveCfg = Release|Any CPU
		{6700C304-342D-4508-A805-0ECED9F8A053}.Release|Any CPU.Build.0 = Release|Any CPU
	EndGlobalSection
	GlobalSection(SolutionProperties) = preSolution
		HideSolutionNode = FALSE
	EndGlobalSection
	GlobalSection(ExtensibilityGlobals) = postSolution
		SolutionGuid = {9A5F0B03-36D4-4237-AD9A-B0ADF5673CDF}
	EndGlobalSection
EndGlobal
