
Microsoft Visual Studio Solution File, Format Version 12.00
# Visual Studio Version 16
VisualStudioVersion = 16.0.30804.86
MinimumVisualStudioVersion = 10.0.40219.1
Project("{FAE04EC0-301F-11D3-BF4B-00C04F79EFBC}") = "Zadanie7", "Zadanie7.csproj", "{02AC7C8B-0136-45AE-9EFB-5DEE87E01396}"
EndProject
Global
	GlobalSection(SolutionConfigurationPlatforms) = preSolution
		Debug|Any CPU = Debug|Any CPU
		Release|Any CPU = Release|Any CPU
	EndGlobalSection
	GlobalSection(ProjectConfigurationPlatforms) = postSolution
		{02AC7C8B-0136-45AE-9EFB-5DEE87E01396}.Debug|Any CPU.ActiveCfg = Debug|Any CPU
		{02AC7C8B-0136-45AE-9EFB-5DEE87E01396}.Debug|Any CPU.Build.0 = Debug|Any CPU
		{02AC7C8B-0136-45AE-9EFB-5DEE87E01396}.Release|Any CPU.ActiveCfg = Release|Any CPU
		{02AC7C8B-0136-45AE-9EFB-5DEE87E01396}.Release|Any CPU.Build.0 = Release|Any CPU
	EndGlobalSection
	GlobalSection(SolutionProperties) = preSolution
		HideSolutionNode = FALSE
	EndGlobalSection
	GlobalSection(ExtensibilityGlobals) = postSolution
		SolutionGuid = {A539DD67-582E-42F9-9748-51B504691220}
	EndGlobalSection
EndGlobal
