
Microsoft Visual Studio Solution File, Format Version 12.00
# Visual Studio Version 16
VisualStudioVersion = 16.0.30621.155
MinimumVisualStudioVersion = 10.0.40219.1
Project("{FAE04EC0-301F-11D3-BF4B-00C04F79EFBC}") = "Zadanie6", "Zadanie6.csproj", "{FE833C9A-5D21-4DF5-85F5-D0BE6A051352}"
EndProject
Global
	GlobalSection(SolutionConfigurationPlatforms) = preSolution
		Debug|Any CPU = Debug|Any CPU
		Release|Any CPU = Release|Any CPU
	EndGlobalSection
	GlobalSection(ProjectConfigurationPlatforms) = postSolution
		{FE833C9A-5D21-4DF5-85F5-D0BE6A051352}.Debug|Any CPU.ActiveCfg = Debug|Any CPU
		{FE833C9A-5D21-4DF5-85F5-D0BE6A051352}.Debug|Any CPU.Build.0 = Debug|Any CPU
		{FE833C9A-5D21-4DF5-85F5-D0BE6A051352}.Release|Any CPU.ActiveCfg = Release|Any CPU
		{FE833C9A-5D21-4DF5-85F5-D0BE6A051352}.Release|Any CPU.Build.0 = Release|Any CPU
	EndGlobalSection
	GlobalSection(SolutionProperties) = preSolution
		HideSolutionNode = FALSE
	EndGlobalSection
	GlobalSection(ExtensibilityGlobals) = postSolution
		SolutionGuid = {AE01A142-8A54-42DD-82DF-38CE78BE5E4D}
	EndGlobalSection
EndGlobal
