
Microsoft Visual Studio Solution File, Format Version 12.00
# Visual Studio Version 16
VisualStudioVersion = 16.0.30621.155
MinimumVisualStudioVersion = 10.0.40219.1
Project("{FAE04EC0-301F-11D3-BF4B-00C04F79EFBC}") = "Zadanie10", "Zadanie10.csproj", "{54A6FCB2-7F27-40A5-89F4-2BE4D4A18210}"
EndProject
Global
	GlobalSection(SolutionConfigurationPlatforms) = preSolution
		Debug|Any CPU = Debug|Any CPU
		Release|Any CPU = Release|Any CPU
	EndGlobalSection
	GlobalSection(ProjectConfigurationPlatforms) = postSolution
		{54A6FCB2-7F27-40A5-89F4-2BE4D4A18210}.Debug|Any CPU.ActiveCfg = Debug|Any CPU
		{54A6FCB2-7F27-40A5-89F4-2BE4D4A18210}.Debug|Any CPU.Build.0 = Debug|Any CPU
		{54A6FCB2-7F27-40A5-89F4-2BE4D4A18210}.Release|Any CPU.ActiveCfg = Release|Any CPU
		{54A6FCB2-7F27-40A5-89F4-2BE4D4A18210}.Release|Any CPU.Build.0 = Release|Any CPU
	EndGlobalSection
	GlobalSection(SolutionProperties) = preSolution
		HideSolutionNode = FALSE
	EndGlobalSection
	GlobalSection(ExtensibilityGlobals) = postSolution
		SolutionGuid = {A8A6D497-8CD0-4AEF-BFE7-AF926DC71294}
	EndGlobalSection
EndGlobal
