
Microsoft Visual Studio Solution File, Format Version 12.00
# Visual Studio Version 16
VisualStudioVersion = 16.0.30621.155
MinimumVisualStudioVersion = 10.0.40219.1
Project("{FAE04EC0-301F-11D3-BF4B-00C04F79EFBC}") = "Stankiewicz3", "Stankiewicz3.csproj", "{05E94F08-EAC6-4EC0-952A-FC5319F6F8B2}"
EndProject
Global
	GlobalSection(SolutionConfigurationPlatforms) = preSolution
		Debug|Any CPU = Debug|Any CPU
		Release|Any CPU = Release|Any CPU
	EndGlobalSection
	GlobalSection(ProjectConfigurationPlatforms) = postSolution
		{05E94F08-EAC6-4EC0-952A-FC5319F6F8B2}.Debug|Any CPU.ActiveCfg = Debug|Any CPU
		{05E94F08-EAC6-4EC0-952A-FC5319F6F8B2}.Debug|Any CPU.Build.0 = Debug|Any CPU
		{05E94F08-EAC6-4EC0-952A-FC5319F6F8B2}.Release|Any CPU.ActiveCfg = Release|Any CPU
		{05E94F08-EAC6-4EC0-952A-FC5319F6F8B2}.Release|Any CPU.Build.0 = Release|Any CPU
	EndGlobalSection
	GlobalSection(SolutionProperties) = preSolution
		HideSolutionNode = FALSE
	EndGlobalSection
	GlobalSection(ExtensibilityGlobals) = postSolution
		SolutionGuid = {A14DE35D-7F08-4F8D-B822-95D4723EE974}
	EndGlobalSection
EndGlobal
