
Microsoft Visual Studio Solution File, Format Version 12.00
# Visual Studio Version 16
VisualStudioVersion = 16.0.30804.86
MinimumVisualStudioVersion = 10.0.40219.1
Project("{FAE04EC0-301F-11D3-BF4B-00C04F79EFBC}") = "Zadania22", "Zadania22.csproj", "{253EC12C-B056-4CBB-95F3-86E5B534D62B}"
EndProject
Global
	GlobalSection(SolutionConfigurationPlatforms) = preSolution
		Debug|Any CPU = Debug|Any CPU
		Release|Any CPU = Release|Any CPU
	EndGlobalSection
	GlobalSection(ProjectConfigurationPlatforms) = postSolution
		{253EC12C-B056-4CBB-95F3-86E5B534D62B}.Debug|Any CPU.ActiveCfg = Debug|Any CPU
		{253EC12C-B056-4CBB-95F3-86E5B534D62B}.Debug|Any CPU.Build.0 = Debug|Any CPU
		{253EC12C-B056-4CBB-95F3-86E5B534D62B}.Release|Any CPU.ActiveCfg = Release|Any CPU
		{253EC12C-B056-4CBB-95F3-86E5B534D62B}.Release|Any CPU.Build.0 = Release|Any CPU
	EndGlobalSection
	GlobalSection(SolutionProperties) = preSolution
		HideSolutionNode = FALSE
	EndGlobalSection
	GlobalSection(ExtensibilityGlobals) = postSolution
		SolutionGuid = {3D24E56E-08D9-439B-AC29-1D4B3C07312E}
	EndGlobalSection
EndGlobal
