
Microsoft Visual Studio Solution File, Format Version 12.00
# Visual Studio Version 16
VisualStudioVersion = 16.0.30804.86
MinimumVisualStudioVersion = 10.0.40219.1
Project("{FAE04EC0-301F-11D3-BF4B-00C04F79EFBC}") = "Zadanie4", "Zadanie4.csproj", "{0856B9EA-1CDB-44A3-86E1-10AD3DCB7165}"
EndProject
Global
	GlobalSection(SolutionConfigurationPlatforms) = preSolution
		Debug|Any CPU = Debug|Any CPU
		Release|Any CPU = Release|Any CPU
	EndGlobalSection
	GlobalSection(ProjectConfigurationPlatforms) = postSolution
		{0856B9EA-1CDB-44A3-86E1-10AD3DCB7165}.Debug|Any CPU.ActiveCfg = Debug|Any CPU
		{0856B9EA-1CDB-44A3-86E1-10AD3DCB7165}.Debug|Any CPU.Build.0 = Debug|Any CPU
		{0856B9EA-1CDB-44A3-86E1-10AD3DCB7165}.Release|Any CPU.ActiveCfg = Release|Any CPU
		{0856B9EA-1CDB-44A3-86E1-10AD3DCB7165}.Release|Any CPU.Build.0 = Release|Any CPU
	EndGlobalSection
	GlobalSection(SolutionProperties) = preSolution
		HideSolutionNode = FALSE
	EndGlobalSection
	GlobalSection(ExtensibilityGlobals) = postSolution
		SolutionGuid = {A959CE5E-93D3-4017-A41E-D903AC8A3BA9}
	EndGlobalSection
EndGlobal
